{
  "object": {
    "pins": [
      {
        "package": "Core",
        "repositoryURL": "https://github.com/School-Scope/core.git",
        "state": {
          "branch": null,
          "revision": "0bb5d7466d49528a096731184312f89ddf98443d",
          "version": "3.10.2"
        }
      },
      {
        "package": "swift-algorithms",
        "repositoryURL": "https://github.com/apple/swift-algorithms.git",
        "state": {
          "branch": null,
          "revision": "2327673b0e9c7e90e6b1826376526ec3627210e4",
          "version": "0.2.1"
        }
      },
      {
        "package": "swift-nio",
        "repositoryURL": "https://github.com/School-Scope/swift-nio.git",
        "state": {
          "branch": null,
          "revision": "f74d289961c0068bee03ca18282ae7da4f6d5a10",
          "version": "1.14.5"
        }
      },
      {
        "package": "swift-numerics",
        "repositoryURL": "https://github.com/apple/swift-numerics",
        "state": {
          "branch": null,
          "revision": "6583ac70c326c3ee080c1d42d9ca3361dca816cd",
          "version": "0.1.0"
        }
      },
      {
        "package": "SwiftSoup",
        "repositoryURL": "https://github.com/scinfu/SwiftSoup.git",
        "state": {
          "branch": null,
          "revision": "02c63b7be50bda384f22c56c64d347231754a07e",
          "version": "2.3.3"
        }
      },
      {
        "package": "URLEncodedForm",
        "repositoryURL": "https://github.com/School-Scope/url-encoded-form",
        "state": {
          "branch": null,
          "revision": "4cf9bf5c6c374adaf6d86550746a968a957ec1ec",
          "version": "1.1.1"
        }
      }
    ]
  },
  "version": 1
}
