// !$*UTF8*$!
{
	archiveVersion = 1;
	classes = {
	};
	objectVersion = 52;
	objects = {

/* Begin PBXBuildFile section */
		27074EC226EAA2AC00A6ED72 /* SwiftSoup in Frameworks */ = {isa = PBXBuildFile; productRef = 27074EC126EAA2AC00A6ED72 /* SwiftSoup */; };
		2720D7B6271CFC68001C1806 /* InboxDetailView.swift in Sources */ = {isa = PBXBuildFile; fileRef = 2720D7B5271CFC68001C1806 /* InboxDetailView.swift */; };
		2720D7B8271CFC84001C1806 /* InboxDetailViewModel.swift in Sources */ = {isa = PBXBuildFile; fileRef = 2720D7B7271CFC84001C1806 /* InboxDetailViewModel.swift */; };
		2720D7BA271CFC9E001C1806 /* InboxDetailModel.swift in Sources */ = {isa = PBXBuildFile; fileRef = 2720D7B9271CFC9E001C1806 /* InboxDetailModel.swift */; };
		27286C6B27600E3300B7F975 /* APIUtils.swift in Sources */ = {isa = PBXBuildFile; fileRef = 27286C6A27600E3300B7F975 /* APIUtils.swift */; };
		27286C6F276012CE00B7F975 /* CardAssignmentGrade.swift in Sources */ = {isa = PBXBuildFile; fileRef = 27286C6E276012CE00B7F975 /* CardAssignmentGrade.swift */; };
		272EF97E275C31CC00532958 /* ConditionalModifiers.swift in Sources */ = {isa = PBXBuildFile; fileRef = 272EF97C275C31CC00532958 /* ConditionalModifiers.swift */; };
		272EF97F275C31CC00532958 /* SkeletonLoader.swift in Sources */ = {isa = PBXBuildFile; fileRef = 272EF97D275C31CC00532958 /* SkeletonLoader.swift */; };
		273261CF271CEBEF00BC1FF5 /* InboxViewModel.swift in Sources */ = {isa = PBXBuildFile; fileRef = 273261CE271CEBEF00BC1FF5 /* InboxViewModel.swift */; };
		273261D1271CEBFC00BC1FF5 /* InboxModel.swift in Sources */ = {isa = PBXBuildFile; fileRef = 273261D0271CEBFC00BC1FF5 /* InboxModel.swift */; };
		273261D5271CECC000BC1FF5 /* InboxView.swift in Sources */ = {isa = PBXBuildFile; fileRef = 273261D4271CECC000BC1FF5 /* InboxView.swift */; };
		273261D7271CEE9F00BC1FF5 /* MessageCard.swift in Sources */ = {isa = PBXBuildFile; fileRef = 273261D6271CEE9F00BC1FF5 /* MessageCard.swift */; };
		273CD48C274CCABD00369FBD /* CategoryGrade.swift in Sources */ = {isa = PBXBuildFile; fileRef = 273CD48B274CCABD00369FBD /* CategoryGrade.swift */; };
		273DB8FE2719085D006D936A /* AssignmentDetailSection.swift in Sources */ = {isa = PBXBuildFile; fileRef = 273DB8FD2719085D006D936A /* AssignmentDetailSection.swift */; };
		273DB90027190FE0006D936A /* AssignmentDetail.swift in Sources */ = {isa = PBXBuildFile; fileRef = 273DB8FF27190FE0006D936A /* AssignmentDetail.swift */; };
		273DB90327194356006D936A /* OrderedCollections in Frameworks */ = {isa = PBXBuildFile; productRef = 273DB90227194356006D936A /* OrderedCollections */; };
		273DB909271961F2006D936A /* UIToolbarDismiss.swift in Sources */ = {isa = PBXBuildFile; fileRef = 273DB908271961F2006D936A /* UIToolbarDismiss.swift */; };
		274165CF270C2C9400F9EFCF /* GradingCategory.swift in Sources */ = {isa = PBXBuildFile; fileRef = 274165CE270C2C9400F9EFCF /* GradingCategory.swift */; };
		274165D3270C2F1A00F9EFCF /* GradeDetail.swift in Sources */ = {isa = PBXBuildFile; fileRef = 274165D2270C2F1A00F9EFCF /* GradeDetail.swift */; };
		274E623326C21FB500C855D4 /* Assets.xcassets in Resources */ = {isa = PBXBuildFile; fileRef = 274E623226C21FB500C855D4 /* Assets.xcassets */; };
		274E623626C21FB500C855D4 /* Preview Assets.xcassets in Resources */ = {isa = PBXBuildFile; fileRef = 274E623526C21FB500C855D4 /* Preview Assets.xcassets */; };
		274F432C270A3998001D5D4A /* CourseDetailView.swift in Sources */ = {isa = PBXBuildFile; fileRef = 274F432B270A3998001D5D4A /* CourseDetailView.swift */; };
		274F4330270A8934001D5D4A /* HomeModel.swift in Sources */ = {isa = PBXBuildFile; fileRef = 274F432F270A8934001D5D4A /* HomeModel.swift */; };
		274F4332270A924A001D5D4A /* TabViewStyle.swift in Sources */ = {isa = PBXBuildFile; fileRef = 274F4331270A924A001D5D4A /* TabViewStyle.swift */; };
		274F433A270ABD0E001D5D4A /* CourseDetailViewModel.swift in Sources */ = {isa = PBXBuildFile; fileRef = 274F4339270ABD0E001D5D4A /* CourseDetailViewModel.swift */; };
		274F433C270ABD27001D5D4A /* CourseDetailModel.swift in Sources */ = {isa = PBXBuildFile; fileRef = 274F433B270ABD27001D5D4A /* CourseDetailModel.swift */; };
		274F4340270AC8A5001D5D4A /* Assignment.swift in Sources */ = {isa = PBXBuildFile; fileRef = 274F433F270AC8A5001D5D4A /* Assignment.swift */; };
		274F4342270AD886001D5D4A /* Grade.swift in Sources */ = {isa = PBXBuildFile; fileRef = 274F4341270AD886001D5D4A /* Grade.swift */; };
		274F4345270AD9C7001D5D4A /* Course.swift in Sources */ = {isa = PBXBuildFile; fileRef = 274F4344270AD9C7001D5D4A /* Course.swift */; };
		274F4347270ADB02001D5D4A /* API.swift in Sources */ = {isa = PBXBuildFile; fileRef = 274F4346270ADB02001D5D4A /* API.swift */; };
		274F4354270AE0D5001D5D4A /* AssignmentsAPI.swift in Sources */ = {isa = PBXBuildFile; fileRef = 274F4353270AE0D5001D5D4A /* AssignmentsAPI.swift */; };
		274F4360270AE867001D5D4A /* AuthenticationAPI.swift in Sources */ = {isa = PBXBuildFile; fileRef = 274F435F270AE867001D5D4A /* AuthenticationAPI.swift */; };
		274F4362270AE94C001D5D4A /* GradesAPI.swift in Sources */ = {isa = PBXBuildFile; fileRef = 274F4361270AE94C001D5D4A /* GradesAPI.swift */; };
		274F4364270AE9FC001D5D4A /* DistrictSearchAPI.swift in Sources */ = {isa = PBXBuildFile; fileRef = 274F4363270AE9FC001D5D4A /* DistrictSearchAPI.swift */; };
		277A1F092704504F005E9EB0 /* URLEncodedForm in Frameworks */ = {isa = PBXBuildFile; productRef = 277A1F082704504F005E9EB0 /* URLEncodedForm */; };
		277AD63F270B7CE000AF441E /* Term.swift in Sources */ = {isa = PBXBuildFile; fileRef = 277AD63E270B7CE000AF441E /* Term.swift */; };
		277E6348270CD16400CA056E /* GradeTerm.swift in Sources */ = {isa = PBXBuildFile; fileRef = 277E6347270CD16400CA056E /* GradeTerm.swift */; };
		2785B503275AF7EC00C93224 /* Shimmer in Frameworks */ = {isa = PBXBuildFile; productRef = 2785B502275AF7EC00C93224 /* Shimmer */; };
		279376B8270EB4CE005A7567 /* CourseAssignmentCard.swift in Sources */ = {isa = PBXBuildFile; fileRef = 279376B7270EB4CE005A7567 /* CourseAssignmentCard.swift */; };
		2799A10727174E6000136C23 /* AssignmentDetailStats.swift in Sources */ = {isa = PBXBuildFile; fileRef = 2799A10627174E6000136C23 /* AssignmentDetailStats.swift */; };
		2799A10927175E0200136C23 /* StringUtils.swift in Sources */ = {isa = PBXBuildFile; fileRef = 2799A10827175E0200136C23 /* StringUtils.swift */; };
		2799A10B2717635200136C23 /* AssignmentDetailViewModel.swift in Sources */ = {isa = PBXBuildFile; fileRef = 2799A10A2717635200136C23 /* AssignmentDetailViewModel.swift */; };
		2799A10D2717637F00136C23 /* AssignmentDetailModel.swift in Sources */ = {isa = PBXBuildFile; fileRef = 2799A10C2717637F00136C23 /* AssignmentDetailModel.swift */; };
		279E7DA327161D630039D283 /* AssignmentDetailView.swift in Sources */ = {isa = PBXBuildFile; fileRef = 279E7DA227161D630039D283 /* AssignmentDetailView.swift */; };
		27B57D242711799E00F9F06D /* CourseDetailStatsRow.swift in Sources */ = {isa = PBXBuildFile; fileRef = 27B57D232711799E00F9F06D /* CourseDetailStatsRow.swift */; };
		27B57D2627119B1F00F9F06D /* ScrollViewUtils.swift in Sources */ = {isa = PBXBuildFile; fileRef = 27B57D2527119B1F00F9F06D /* ScrollViewUtils.swift */; };
		27C335FD270FDF9E002A8D52 /* CourseDetailStats.swift in Sources */ = {isa = PBXBuildFile; fileRef = 27C335FC270FDF9E002A8D52 /* CourseDetailStats.swift */; };
		27C33601270FF40E002A8D52 /* NumberUtils.swift in Sources */ = {isa = PBXBuildFile; fileRef = 27C33600270FF40E002A8D52 /* NumberUtils.swift */; };
		27D0F5CE26DB7DF80004F0A2 /* Algorithms in Frameworks */ = {isa = PBXBuildFile; productRef = 27D0F5CD26DB7DF80004F0A2 /* Algorithms */; settings = {ATTRIBUTES = (Required, ); }; };
		27D4E6D72709152F0063CB65 /* StorageManager.swift in Sources */ = {isa = PBXBuildFile; fileRef = 27A29CEE2701A916005E70D6 /* StorageManager.swift */; };
		27D4E6D82709152F0063CB65 /* Locale.swift in Sources */ = {isa = PBXBuildFile; fileRef = 27FF50D826E0725D0001F8D6 /* Locale.swift */; };
		27D4E6D92709152F0063CB65 /* LogInModel.swift in Sources */ = {isa = PBXBuildFile; fileRef = 27074EC526EAA7B300A6ED72 /* LogInModel.swift */; };
		27D4E6DA2709152F0063CB65 /* CoursesModel.swift in Sources */ = {isa = PBXBuildFile; fileRef = 27DE343226EDBE050046942E /* CoursesModel.swift */; };
		27D4E6DB2709152F0063CB65 /* AssignmentsModel.swift in Sources */ = {isa = PBXBuildFile; fileRef = 27761BB426F73D0000601A37 /* AssignmentsModel.swift */; };
		27D4E6DC2709152F0063CB65 /* UserPreferenceModel.swift in Sources */ = {isa = PBXBuildFile; fileRef = 2701CD4A26FD05E600D65B84 /* UserPreferenceModel.swift */; };
		27D4E6DD2709152F0063CB65 /* ApplicationModel.swift in Sources */ = {isa = PBXBuildFile; fileRef = 27A29CD527013011005E70D6 /* ApplicationModel.swift */; };
		27D4E6DE2709152F0063CB65 /* WelcomeViewModel.swift in Sources */ = {isa = PBXBuildFile; fileRef = 27FF50DA26E072E50001F8D6 /* WelcomeViewModel.swift */; };
		27D4E6DF2709152F0063CB65 /* LogInViewModel.swift in Sources */ = {isa = PBXBuildFile; fileRef = 27074EC326EAA5AC00A6ED72 /* LogInViewModel.swift */; };
		27D4E6E02709152F0063CB65 /* CoursesViewModel.swift in Sources */ = {isa = PBXBuildFile; fileRef = 27DE343026EDBDFC0046942E /* CoursesViewModel.swift */; };
		27D4E6E12709152F0063CB65 /* AssignmentsViewModel.swift in Sources */ = {isa = PBXBuildFile; fileRef = 27761BB226F73CF500601A37 /* AssignmentsViewModel.swift */; };
		27D4E6E22709152F0063CB65 /* HomeViewModel.swift in Sources */ = {isa = PBXBuildFile; fileRef = 273EA32226F9C25600D4FD20 /* HomeViewModel.swift */; };
		27D4E6E32709152F0063CB65 /* ApplicationViewModel.swift in Sources */ = {isa = PBXBuildFile; fileRef = 27DA638526FE85FA00E90E91 /* ApplicationViewModel.swift */; };
		27D4E6E42709152F0063CB65 /* ColorUtils.swift in Sources */ = {isa = PBXBuildFile; fileRef = 27D0F5D526DD9A5A0004F0A2 /* ColorUtils.swift */; };
		27D4E6E52709152F0063CB65 /* StatusBarUtils.swift in Sources */ = {isa = PBXBuildFile; fileRef = 27FF50D426E06D970001F8D6 /* StatusBarUtils.swift */; };
		27D4E6E62709152F0063CB65 /* NetworkUtils.swift in Sources */ = {isa = PBXBuildFile; fileRef = 27074EC726EB310300A6ED72 /* NetworkUtils.swift */; };
		27D4E6E72709152F0063CB65 /* DataUtils.swift in Sources */ = {isa = PBXBuildFile; fileRef = 27DE344426EDFE4D0046942E /* DataUtils.swift */; };
		27D4E6E82709152F0063CB65 /* DateUtils.swift in Sources */ = {isa = PBXBuildFile; fileRef = 27761BBA26F7CA0300601A37 /* DateUtils.swift */; };
		27D4E6E92709152F0063CB65 /* LocaleUtils.swift in Sources */ = {isa = PBXBuildFile; fileRef = 2701CD4C26FD05F200D65B84 /* LocaleUtils.swift */; };
		27D4E6EA2709152F0063CB65 /* UserPreferenceUtils.swift in Sources */ = {isa = PBXBuildFile; fileRef = 2701CD4E26FD0FC600D65B84 /* UserPreferenceUtils.swift */; };
		27D4E6EB2709152F0063CB65 /* BundleUtils.swift in Sources */ = {isa = PBXBuildFile; fileRef = 27A29CD127001C5D005E70D6 /* BundleUtils.swift */; };
		27D4E6ED2709152F0063CB65 /* UIDeviceUtils.swift in Sources */ = {isa = PBXBuildFile; fileRef = 278E9BEE27078883009CA8D7 /* UIDeviceUtils.swift */; };
		27D4E6F02709152F0063CB65 /* CoreDataUtils.swift in Sources */ = {isa = PBXBuildFile; fileRef = 27E3F1822708F82E005B485F /* CoreDataUtils.swift */; };
		27D4E6F12709152F0063CB65 /* PickerField.swift in Sources */ = {isa = PBXBuildFile; fileRef = 2721EEF526D743A900C5E906 /* PickerField.swift */; };
		27D4E6F22709152F0063CB65 /* UIPickerField.swift in Sources */ = {isa = PBXBuildFile; fileRef = 27CAE27526DFFA15000022EF /* UIPickerField.swift */; };
		27D4E6F32709152F0063CB65 /* LegacyTextField.swift in Sources */ = {isa = PBXBuildFile; fileRef = 272F78F626E03FD400CDA668 /* LegacyTextField.swift */; };
		27D4E6F42709152F0063CB65 /* UILegacyTextField.swift in Sources */ = {isa = PBXBuildFile; fileRef = 272F78FA26E04FFB00CDA668 /* UILegacyTextField.swift */; };
		27D4E6F52709152F0063CB65 /* WebView.swift in Sources */ = {isa = PBXBuildFile; fileRef = 271B3ED126EBC9B200DAB4D9 /* WebView.swift */; };
		27D4E6F72709152F0063CB65 /* PreferenceRowToggle.swift in Sources */ = {isa = PBXBuildFile; fileRef = 27DA637C26FE6C0500E90E91 /* PreferenceRowToggle.swift */; };
		27D4E6F82709152F0063CB65 /* PreferenceRowButton.swift in Sources */ = {isa = PBXBuildFile; fileRef = 27DA638126FE793F00E90E91 /* PreferenceRowButton.swift */; };
		27D4E6F92709152F0063CB65 /* PreferenceRowLink.swift in Sources */ = {isa = PBXBuildFile; fileRef = 27DA638326FE7A1A00E90E91 /* PreferenceRowLink.swift */; };
		27D4E6FA2709152F0063CB65 /* CapsuleFieldBackground.swift in Sources */ = {isa = PBXBuildFile; fileRef = 272F78F826E0494100CDA668 /* CapsuleFieldBackground.swift */; };
		27D4E6FB2709152F0063CB65 /* CapsuleFieldLabel.swift in Sources */ = {isa = PBXBuildFile; fileRef = 27FF50E526E078B20001F8D6 /* CapsuleFieldLabel.swift */; };
		27D4E6FC2709152F0063CB65 /* CapsuleTextField.swift in Sources */ = {isa = PBXBuildFile; fileRef = 276F222926D4329F00588588 /* CapsuleTextField.swift */; };
		27D4E6FD2709152F0063CB65 /* CapsuleDropDown.swift in Sources */ = {isa = PBXBuildFile; fileRef = 278F272426D5E97F000FF26F /* CapsuleDropDown.swift */; };
		27D4E6FE2709152F0063CB65 /* CapsuleFieldModularButton.swift in Sources */ = {isa = PBXBuildFile; fileRef = 27DA822C26E809DC00CB3A95 /* CapsuleFieldModularButton.swift */; };
		27D4E6FF2709152F0063CB65 /* CapsuleButton.swift in Sources */ = {isa = PBXBuildFile; fileRef = 27B4AA3126D225D10080BF65 /* CapsuleButton.swift */; };
		27D4E7002709152F0063CB65 /* CourseCard.swift in Sources */ = {isa = PBXBuildFile; fileRef = 2771159C26D8297C00EBBB99 /* CourseCard.swift */; };
		27D4E7022709152F0063CB65 /* TextDivider.swift in Sources */ = {isa = PBXBuildFile; fileRef = 27D0F5B926DB2C530004F0A2 /* TextDivider.swift */; };
		27D4E7032709152F0063CB65 /* DistrictSearchResultCard.swift in Sources */ = {isa = PBXBuildFile; fileRef = 27DA823226E8542B00CB3A95 /* DistrictSearchResultCard.swift */; };
		27D4E7042709152F0063CB65 /* AssignmentCard.swift in Sources */ = {isa = PBXBuildFile; fileRef = 27761BB626F7B7A700601A37 /* AssignmentCard.swift */; };
		27D4E7052709152F0063CB65 /* CircleBadge.swift in Sources */ = {isa = PBXBuildFile; fileRef = 27761BB826F7B9B200601A37 /* CircleBadge.swift */; };
		27D4E7062709152F0063CB65 /* SectionHeader.swift in Sources */ = {isa = PBXBuildFile; fileRef = 27761BBC26F7F39600601A37 /* SectionHeader.swift */; };
		27D4E7072709152F0063CB65 /* UserPreferencesSheetToggle.swift in Sources */ = {isa = PBXBuildFile; fileRef = 273EA32626F9C5F800D4FD20 /* UserPreferencesSheetToggle.swift */; };
		27D4E7082709152F0063CB65 /* PreferenceRow.swift in Sources */ = {isa = PBXBuildFile; fileRef = 2701CD5826FD2EB100D65B84 /* PreferenceRow.swift */; };
		27D4E7092709152F0063CB65 /* RectangleCornerStyle.swift in Sources */ = {isa = PBXBuildFile; fileRef = 270CE0E426D98A93009768A7 /* RectangleCornerStyle.swift */; };
		27D4E70A2709152F0063CB65 /* NavigationViewStyle.swift in Sources */ = {isa = PBXBuildFile; fileRef = 27D0F5B026DAFC300004F0A2 /* NavigationViewStyle.swift */; };
		27D4E70B2709152F0063CB65 /* PickerFieldStyle.swift in Sources */ = {isa = PBXBuildFile; fileRef = 27CAE27726E01FEA000022EF /* PickerFieldStyle.swift */; };
		27D4E70C2709152F0063CB65 /* DisabledStyle.swift in Sources */ = {isa = PBXBuildFile; fileRef = 27FF50D226E067270001F8D6 /* DisabledStyle.swift */; };
		27D4E70D2709152F0063CB65 /* TableViewStyle.swift in Sources */ = {isa = PBXBuildFile; fileRef = 27FAB24026FF1AF6006C6643 /* TableViewStyle.swift */; };
		27D4E70E2709152F0063CB65 /* WelcomeView.swift in Sources */ = {isa = PBXBuildFile; fileRef = 274E623026C21FB400C855D4 /* WelcomeView.swift */; };
		27D4E70F2709152F0063CB65 /* LogInView.swift in Sources */ = {isa = PBXBuildFile; fileRef = 27D0F5B726DB2AFA0004F0A2 /* LogInView.swift */; };
		27D4E7102709152F0063CB65 /* DistrictSearchView.swift in Sources */ = {isa = PBXBuildFile; fileRef = 27DA822E26E8115B00CB3A95 /* DistrictSearchView.swift */; };
		27D4E7112709152F0063CB65 /* HomeView.swift in Sources */ = {isa = PBXBuildFile; fileRef = 27DE343426EDBE100046942E /* HomeView.swift */; };
		27D4E7122709152F0063CB65 /* CoursesView.swift in Sources */ = {isa = PBXBuildFile; fileRef = 27DE343626EDBE190046942E /* CoursesView.swift */; };
		27D4E7132709152F0063CB65 /* ContentView.swift in Sources */ = {isa = PBXBuildFile; fileRef = 27DC59BF26F5C9B9007A57EF /* ContentView.swift */; };
		27D4E7142709152F0063CB65 /* AssignmentsView.swift in Sources */ = {isa = PBXBuildFile; fileRef = 27761BB026F73CE000601A37 /* AssignmentsView.swift */; };
		27D4E7152709152F0063CB65 /* UserPreferenceView.swift in Sources */ = {isa = PBXBuildFile; fileRef = 2701CD5226FD26F400D65B84 /* UserPreferenceView.swift */; };
		27D4E7182709152F0063CB65 /* RiftApp.swift in Sources */ = {isa = PBXBuildFile; fileRef = 274E622E26C21FB400C855D4 /* RiftApp.swift */; };
		27D4E7192709152F0063CB65 /* PreviewObjects.swift in Sources */ = {isa = PBXBuildFile; fileRef = 27DE344026EDEFDE0046942E /* PreviewObjects.swift */; };
		27D4E71D270915EE0063CB65 /* Model.xcdatamodeld in Sources */ = {isa = PBXBuildFile; fileRef = 27D4E71B270915EE0063CB65 /* Model.xcdatamodeld */; };
		27D4E724270916DA0063CB65 /* PersistentLocale+CoreDataClass.swift in Sources */ = {isa = PBXBuildFile; fileRef = 27D4E722270916DA0063CB65 /* PersistentLocale+CoreDataClass.swift */; };
		27D4E725270916DA0063CB65 /* PersistentLocale+CoreDataProperties.swift in Sources */ = {isa = PBXBuildFile; fileRef = 27D4E723270916DA0063CB65 /* PersistentLocale+CoreDataProperties.swift */; };
		27D4E7282709727C0063CB65 /* LoadingView.swift in Sources */ = {isa = PBXBuildFile; fileRef = 27D4E7272709727C0063CB65 /* LoadingView.swift */; };
		27D9897E271BA01100311973 /* DestructiveButton.swift in Sources */ = {isa = PBXBuildFile; fileRef = 27D9897D271BA01100311973 /* DestructiveButton.swift */; };
		27D98980271C0C0000311973 /* AddAssignmentView.swift in Sources */ = {isa = PBXBuildFile; fileRef = 27D9897F271C0C0000311973 /* AddAssignmentView.swift */; };
		27D98982271C0C5300311973 /* AddAssignmentViewModel.swift in Sources */ = {isa = PBXBuildFile; fileRef = 27D98981271C0C5300311973 /* AddAssignmentViewModel.swift */; };
		27D98984271C0C6400311973 /* AddAssignmentModel.swift in Sources */ = {isa = PBXBuildFile; fileRef = 27D98983271C0C6400311973 /* AddAssignmentModel.swift */; };
		27D98986271C2CBC00311973 /* MessagesAPI.swift in Sources */ = {isa = PBXBuildFile; fileRef = 27D98985271C2CBC00311973 /* MessagesAPI.swift */; };
		27D98988271C34AA00311973 /* Message.swift in Sources */ = {isa = PBXBuildFile; fileRef = 27D98987271C34AA00311973 /* Message.swift */; };
		27EAB276271A4ACA00AAB3CE /* CombineUtils.swift in Sources */ = {isa = PBXBuildFile; fileRef = 27EAB275271A4ACA00AAB3CE /* CombineUtils.swift */; };
		27EFC7BC270E2A1200B90FCA /* WelcomeModel.swift in Sources */ = {isa = PBXBuildFile; fileRef = 27EFC7BB270E2A1200B90FCA /* WelcomeModel.swift */; };
		27EFC7C0270E851900B90FCA /* TextTag.swift in Sources */ = {isa = PBXBuildFile; fileRef = 27EFC7BF270E851900B90FCA /* TextTag.swift */; };
/* End PBXBuildFile section */

/* Begin PBXFileReference section */
		077B524F27305AAD00C27673 /* README.md */ = {isa = PBXFileReference; lastKnownFileType = net.daringfireball.markdown; path = README.md; sourceTree = "<group>"; };
		2701CD4A26FD05E600D65B84 /* UserPreferenceModel.swift */ = {isa = PBXFileReference; lastKnownFileType = sourcecode.swift; path = UserPreferenceModel.swift; sourceTree = "<group>"; };
		2701CD4C26FD05F200D65B84 /* LocaleUtils.swift */ = {isa = PBXFileReference; lastKnownFileType = sourcecode.swift; path = LocaleUtils.swift; sourceTree = "<group>"; };
		2701CD4E26FD0FC600D65B84 /* UserPreferenceUtils.swift */ = {isa = PBXFileReference; lastKnownFileType = sourcecode.swift; path = UserPreferenceUtils.swift; sourceTree = "<group>"; };
		2701CD5226FD26F400D65B84 /* UserPreferenceView.swift */ = {isa = PBXFileReference; lastKnownFileType = sourcecode.swift; path = UserPreferenceView.swift; sourceTree = "<group>"; };
		2701CD5826FD2EB100D65B84 /* PreferenceRow.swift */ = {isa = PBXFileReference; lastKnownFileType = sourcecode.swift; path = PreferenceRow.swift; sourceTree = "<group>"; };
		27074EC326EAA5AC00A6ED72 /* LogInViewModel.swift */ = {isa = PBXFileReference; lastKnownFileType = sourcecode.swift; path = LogInViewModel.swift; sourceTree = "<group>"; };
		27074EC526EAA7B300A6ED72 /* LogInModel.swift */ = {isa = PBXFileReference; lastKnownFileType = sourcecode.swift; path = LogInModel.swift; sourceTree = "<group>"; };
		27074EC726EB310300A6ED72 /* NetworkUtils.swift */ = {isa = PBXFileReference; lastKnownFileType = sourcecode.swift; path = NetworkUtils.swift; sourceTree = "<group>"; };
		270CE0E426D98A93009768A7 /* RectangleCornerStyle.swift */ = {isa = PBXFileReference; lastKnownFileType = sourcecode.swift; path = RectangleCornerStyle.swift; sourceTree = "<group>"; };
		271B3ED126EBC9B200DAB4D9 /* WebView.swift */ = {isa = PBXFileReference; lastKnownFileType = sourcecode.swift; path = WebView.swift; sourceTree = "<group>"; };
		2720D7B5271CFC68001C1806 /* InboxDetailView.swift */ = {isa = PBXFileReference; lastKnownFileType = sourcecode.swift; path = InboxDetailView.swift; sourceTree = "<group>"; };
		2720D7B7271CFC84001C1806 /* InboxDetailViewModel.swift */ = {isa = PBXFileReference; lastKnownFileType = sourcecode.swift; path = InboxDetailViewModel.swift; sourceTree = "<group>"; };
		2720D7B9271CFC9E001C1806 /* InboxDetailModel.swift */ = {isa = PBXFileReference; lastKnownFileType = sourcecode.swift; path = InboxDetailModel.swift; sourceTree = "<group>"; };
		2721EEF526D743A900C5E906 /* PickerField.swift */ = {isa = PBXFileReference; lastKnownFileType = sourcecode.swift; path = PickerField.swift; sourceTree = "<group>"; };
		27286C6A27600E3300B7F975 /* APIUtils.swift */ = {isa = PBXFileReference; lastKnownFileType = sourcecode.swift; path = APIUtils.swift; sourceTree = "<group>"; };
		27286C6E276012CE00B7F975 /* CardAssignmentGrade.swift */ = {isa = PBXFileReference; lastKnownFileType = sourcecode.swift; path = CardAssignmentGrade.swift; sourceTree = "<group>"; };
		272EF97C275C31CC00532958 /* ConditionalModifiers.swift */ = {isa = PBXFileReference; fileEncoding = 4; lastKnownFileType = sourcecode.swift; path = ConditionalModifiers.swift; sourceTree = "<group>"; };
		272EF97D275C31CC00532958 /* SkeletonLoader.swift */ = {isa = PBXFileReference; fileEncoding = 4; lastKnownFileType = sourcecode.swift; path = SkeletonLoader.swift; sourceTree = "<group>"; };
		272F78F626E03FD400CDA668 /* LegacyTextField.swift */ = {isa = PBXFileReference; lastKnownFileType = sourcecode.swift; path = LegacyTextField.swift; sourceTree = "<group>"; };
		272F78F826E0494100CDA668 /* CapsuleFieldBackground.swift */ = {isa = PBXFileReference; lastKnownFileType = sourcecode.swift; path = CapsuleFieldBackground.swift; sourceTree = "<group>"; };
		272F78FA26E04FFB00CDA668 /* UILegacyTextField.swift */ = {isa = PBXFileReference; lastKnownFileType = sourcecode.swift; path = UILegacyTextField.swift; sourceTree = "<group>"; };
		273261CE271CEBEF00BC1FF5 /* InboxViewModel.swift */ = {isa = PBXFileReference; lastKnownFileType = sourcecode.swift; path = InboxViewModel.swift; sourceTree = "<group>"; };
		273261D0271CEBFC00BC1FF5 /* InboxModel.swift */ = {isa = PBXFileReference; lastKnownFileType = sourcecode.swift; path = InboxModel.swift; sourceTree = "<group>"; };
		273261D4271CECC000BC1FF5 /* InboxView.swift */ = {isa = PBXFileReference; lastKnownFileType = sourcecode.swift; path = InboxView.swift; sourceTree = "<group>"; };
		273261D6271CEE9F00BC1FF5 /* MessageCard.swift */ = {isa = PBXFileReference; lastKnownFileType = sourcecode.swift; path = MessageCard.swift; sourceTree = "<group>"; };
		273CD48B274CCABD00369FBD /* CategoryGrade.swift */ = {isa = PBXFileReference; fileEncoding = 4; lastKnownFileType = sourcecode.swift; path = CategoryGrade.swift; sourceTree = "<group>"; };
		273DB8FD2719085D006D936A /* AssignmentDetailSection.swift */ = {isa = PBXFileReference; lastKnownFileType = sourcecode.swift; path = AssignmentDetailSection.swift; sourceTree = "<group>"; };
		273DB8FF27190FE0006D936A /* AssignmentDetail.swift */ = {isa = PBXFileReference; lastKnownFileType = sourcecode.swift; path = AssignmentDetail.swift; sourceTree = "<group>"; };
		273DB908271961F2006D936A /* UIToolbarDismiss.swift */ = {isa = PBXFileReference; fileEncoding = 4; lastKnownFileType = sourcecode.swift; path = UIToolbarDismiss.swift; sourceTree = "<group>"; };
		273EA32226F9C25600D4FD20 /* HomeViewModel.swift */ = {isa = PBXFileReference; lastKnownFileType = sourcecode.swift; path = HomeViewModel.swift; sourceTree = "<group>"; };
		273EA32626F9C5F800D4FD20 /* UserPreferencesSheetToggle.swift */ = {isa = PBXFileReference; lastKnownFileType = sourcecode.swift; path = UserPreferencesSheetToggle.swift; sourceTree = "<group>"; };
		274165CE270C2C9400F9EFCF /* GradingCategory.swift */ = {isa = PBXFileReference; lastKnownFileType = sourcecode.swift; path = GradingCategory.swift; sourceTree = "<group>"; };
		274165D2270C2F1A00F9EFCF /* GradeDetail.swift */ = {isa = PBXFileReference; lastKnownFileType = sourcecode.swift; path = GradeDetail.swift; sourceTree = "<group>"; };
		274E622B26C21FB400C855D4 /* Rift.app */ = {isa = PBXFileReference; explicitFileType = wrapper.application; includeInIndex = 0; path = Rift.app; sourceTree = BUILT_PRODUCTS_DIR; };
		274E622E26C21FB400C855D4 /* RiftApp.swift */ = {isa = PBXFileReference; lastKnownFileType = sourcecode.swift; path = RiftApp.swift; sourceTree = "<group>"; };
		274E623026C21FB400C855D4 /* WelcomeView.swift */ = {isa = PBXFileReference; lastKnownFileType = sourcecode.swift; path = WelcomeView.swift; sourceTree = "<group>"; };
		274E623226C21FB500C855D4 /* Assets.xcassets */ = {isa = PBXFileReference; lastKnownFileType = folder.assetcatalog; path = Assets.xcassets; sourceTree = "<group>"; };
		274E623526C21FB500C855D4 /* Preview Assets.xcassets */ = {isa = PBXFileReference; lastKnownFileType = folder.assetcatalog; path = "Preview Assets.xcassets"; sourceTree = "<group>"; };
		274E623726C21FB500C855D4 /* Info.plist */ = {isa = PBXFileReference; lastKnownFileType = text.plist.xml; path = Info.plist; sourceTree = "<group>"; };
		274F432B270A3998001D5D4A /* CourseDetailView.swift */ = {isa = PBXFileReference; lastKnownFileType = sourcecode.swift; path = CourseDetailView.swift; sourceTree = "<group>"; };
		274F432F270A8934001D5D4A /* HomeModel.swift */ = {isa = PBXFileReference; lastKnownFileType = sourcecode.swift; path = HomeModel.swift; sourceTree = "<group>"; };
		274F4331270A924A001D5D4A /* TabViewStyle.swift */ = {isa = PBXFileReference; lastKnownFileType = sourcecode.swift; path = TabViewStyle.swift; sourceTree = "<group>"; };
		274F4339270ABD0E001D5D4A /* CourseDetailViewModel.swift */ = {isa = PBXFileReference; lastKnownFileType = sourcecode.swift; path = CourseDetailViewModel.swift; sourceTree = "<group>"; };
		274F433B270ABD27001D5D4A /* CourseDetailModel.swift */ = {isa = PBXFileReference; lastKnownFileType = sourcecode.swift; path = CourseDetailModel.swift; sourceTree = "<group>"; };
		274F433F270AC8A5001D5D4A /* Assignment.swift */ = {isa = PBXFileReference; lastKnownFileType = sourcecode.swift; path = Assignment.swift; sourceTree = "<group>"; };
		274F4341270AD886001D5D4A /* Grade.swift */ = {isa = PBXFileReference; lastKnownFileType = sourcecode.swift; path = Grade.swift; sourceTree = "<group>"; };
		274F4344270AD9C7001D5D4A /* Course.swift */ = {isa = PBXFileReference; lastKnownFileType = sourcecode.swift; path = Course.swift; sourceTree = "<group>"; };
		274F4346270ADB02001D5D4A /* API.swift */ = {isa = PBXFileReference; lastKnownFileType = sourcecode.swift; path = API.swift; sourceTree = "<group>"; };
		274F4353270AE0D5001D5D4A /* AssignmentsAPI.swift */ = {isa = PBXFileReference; lastKnownFileType = sourcecode.swift; path = AssignmentsAPI.swift; sourceTree = "<group>"; };
		274F435F270AE867001D5D4A /* AuthenticationAPI.swift */ = {isa = PBXFileReference; lastKnownFileType = sourcecode.swift; path = AuthenticationAPI.swift; sourceTree = "<group>"; };
		274F4361270AE94C001D5D4A /* GradesAPI.swift */ = {isa = PBXFileReference; lastKnownFileType = sourcecode.swift; path = GradesAPI.swift; sourceTree = "<group>"; };
		274F4363270AE9FC001D5D4A /* DistrictSearchAPI.swift */ = {isa = PBXFileReference; lastKnownFileType = sourcecode.swift; path = DistrictSearchAPI.swift; sourceTree = "<group>"; };
		276F222926D4329F00588588 /* CapsuleTextField.swift */ = {isa = PBXFileReference; lastKnownFileType = sourcecode.swift; path = CapsuleTextField.swift; sourceTree = "<group>"; };
		2771159C26D8297C00EBBB99 /* CourseCard.swift */ = {isa = PBXFileReference; lastKnownFileType = sourcecode.swift; path = CourseCard.swift; sourceTree = "<group>"; };
		27761BB026F73CE000601A37 /* AssignmentsView.swift */ = {isa = PBXFileReference; lastKnownFileType = sourcecode.swift; path = AssignmentsView.swift; sourceTree = "<group>"; };
		27761BB226F73CF500601A37 /* AssignmentsViewModel.swift */ = {isa = PBXFileReference; lastKnownFileType = sourcecode.swift; path = AssignmentsViewModel.swift; sourceTree = "<group>"; };
		27761BB426F73D0000601A37 /* AssignmentsModel.swift */ = {isa = PBXFileReference; lastKnownFileType = sourcecode.swift; path = AssignmentsModel.swift; sourceTree = "<group>"; };
		27761BB626F7B7A700601A37 /* AssignmentCard.swift */ = {isa = PBXFileReference; lastKnownFileType = sourcecode.swift; path = AssignmentCard.swift; sourceTree = "<group>"; };
		27761BB826F7B9B200601A37 /* CircleBadge.swift */ = {isa = PBXFileReference; lastKnownFileType = sourcecode.swift; path = CircleBadge.swift; sourceTree = "<group>"; };
		27761BBA26F7CA0300601A37 /* DateUtils.swift */ = {isa = PBXFileReference; lastKnownFileType = sourcecode.swift; path = DateUtils.swift; sourceTree = "<group>"; };
		27761BBC26F7F39600601A37 /* SectionHeader.swift */ = {isa = PBXFileReference; lastKnownFileType = sourcecode.swift; path = SectionHeader.swift; sourceTree = "<group>"; };
		277AD63E270B7CE000AF441E /* Term.swift */ = {isa = PBXFileReference; lastKnownFileType = sourcecode.swift; path = Term.swift; sourceTree = "<group>"; };
		277E6347270CD16400CA056E /* GradeTerm.swift */ = {isa = PBXFileReference; lastKnownFileType = sourcecode.swift; path = GradeTerm.swift; sourceTree = "<group>"; };
		278E9BEE27078883009CA8D7 /* UIDeviceUtils.swift */ = {isa = PBXFileReference; lastKnownFileType = sourcecode.swift; path = UIDeviceUtils.swift; sourceTree = "<group>"; };
		278F272426D5E97F000FF26F /* CapsuleDropDown.swift */ = {isa = PBXFileReference; lastKnownFileType = sourcecode.swift; path = CapsuleDropDown.swift; sourceTree = "<group>"; };
		279376B7270EB4CE005A7567 /* CourseAssignmentCard.swift */ = {isa = PBXFileReference; lastKnownFileType = sourcecode.swift; path = CourseAssignmentCard.swift; sourceTree = "<group>"; };
		2799A10627174E6000136C23 /* AssignmentDetailStats.swift */ = {isa = PBXFileReference; lastKnownFileType = sourcecode.swift; path = AssignmentDetailStats.swift; sourceTree = "<group>"; };
		2799A10827175E0200136C23 /* StringUtils.swift */ = {isa = PBXFileReference; lastKnownFileType = sourcecode.swift; path = StringUtils.swift; sourceTree = "<group>"; };
		2799A10A2717635200136C23 /* AssignmentDetailViewModel.swift */ = {isa = PBXFileReference; lastKnownFileType = sourcecode.swift; path = AssignmentDetailViewModel.swift; sourceTree = "<group>"; };
		2799A10C2717637F00136C23 /* AssignmentDetailModel.swift */ = {isa = PBXFileReference; lastKnownFileType = sourcecode.swift; path = AssignmentDetailModel.swift; sourceTree = "<group>"; };
		279E7DA227161D630039D283 /* AssignmentDetailView.swift */ = {isa = PBXFileReference; lastKnownFileType = sourcecode.swift; path = AssignmentDetailView.swift; sourceTree = "<group>"; };
		27A29CD127001C5D005E70D6 /* BundleUtils.swift */ = {isa = PBXFileReference; lastKnownFileType = sourcecode.swift; path = BundleUtils.swift; sourceTree = "<group>"; };
		27A29CD527013011005E70D6 /* ApplicationModel.swift */ = {isa = PBXFileReference; lastKnownFileType = sourcecode.swift; path = ApplicationModel.swift; sourceTree = "<group>"; };
		27A29CEE2701A916005E70D6 /* StorageManager.swift */ = {isa = PBXFileReference; lastKnownFileType = sourcecode.swift; path = StorageManager.swift; sourceTree = "<group>"; };
		27B4AA3126D225D10080BF65 /* CapsuleButton.swift */ = {isa = PBXFileReference; lastKnownFileType = sourcecode.swift; path = CapsuleButton.swift; sourceTree = "<group>"; };
		27B57D232711799E00F9F06D /* CourseDetailStatsRow.swift */ = {isa = PBXFileReference; lastKnownFileType = sourcecode.swift; path = CourseDetailStatsRow.swift; sourceTree = "<group>"; };
		27B57D2527119B1F00F9F06D /* ScrollViewUtils.swift */ = {isa = PBXFileReference; lastKnownFileType = sourcecode.swift; path = ScrollViewUtils.swift; sourceTree = "<group>"; };
		27C335FC270FDF9E002A8D52 /* CourseDetailStats.swift */ = {isa = PBXFileReference; lastKnownFileType = sourcecode.swift; path = CourseDetailStats.swift; sourceTree = "<group>"; };
		27C33600270FF40E002A8D52 /* NumberUtils.swift */ = {isa = PBXFileReference; lastKnownFileType = sourcecode.swift; path = NumberUtils.swift; sourceTree = "<group>"; };
		27CAE27526DFFA15000022EF /* UIPickerField.swift */ = {isa = PBXFileReference; lastKnownFileType = sourcecode.swift; path = UIPickerField.swift; sourceTree = "<group>"; };
		27CAE27726E01FEA000022EF /* PickerFieldStyle.swift */ = {isa = PBXFileReference; lastKnownFileType = sourcecode.swift; path = PickerFieldStyle.swift; sourceTree = "<group>"; };
		27D0F5B026DAFC300004F0A2 /* NavigationViewStyle.swift */ = {isa = PBXFileReference; lastKnownFileType = sourcecode.swift; path = NavigationViewStyle.swift; sourceTree = "<group>"; };
		27D0F5B726DB2AFA0004F0A2 /* LogInView.swift */ = {isa = PBXFileReference; lastKnownFileType = sourcecode.swift; path = LogInView.swift; sourceTree = "<group>"; };
		27D0F5B926DB2C530004F0A2 /* TextDivider.swift */ = {isa = PBXFileReference; lastKnownFileType = sourcecode.swift; path = TextDivider.swift; sourceTree = "<group>"; };
		27D0F5D526DD9A5A0004F0A2 /* ColorUtils.swift */ = {isa = PBXFileReference; lastKnownFileType = sourcecode.swift; path = ColorUtils.swift; sourceTree = "<group>"; };
		27D4E71C270915EE0063CB65 /* Model.xcdatamodel */ = {isa = PBXFileReference; lastKnownFileType = wrapper.xcdatamodel; path = Model.xcdatamodel; sourceTree = "<group>"; };
		27D4E722270916DA0063CB65 /* PersistentLocale+CoreDataClass.swift */ = {isa = PBXFileReference; lastKnownFileType = sourcecode.swift; path = "PersistentLocale+CoreDataClass.swift"; sourceTree = "<group>"; };
		27D4E723270916DA0063CB65 /* PersistentLocale+CoreDataProperties.swift */ = {isa = PBXFileReference; lastKnownFileType = sourcecode.swift; path = "PersistentLocale+CoreDataProperties.swift"; sourceTree = "<group>"; };
		27D4E7272709727C0063CB65 /* LoadingView.swift */ = {isa = PBXFileReference; lastKnownFileType = sourcecode.swift; path = LoadingView.swift; sourceTree = "<group>"; };
		27D9897D271BA01100311973 /* DestructiveButton.swift */ = {isa = PBXFileReference; lastKnownFileType = sourcecode.swift; path = DestructiveButton.swift; sourceTree = "<group>"; };
		27D9897F271C0C0000311973 /* AddAssignmentView.swift */ = {isa = PBXFileReference; lastKnownFileType = sourcecode.swift; path = AddAssignmentView.swift; sourceTree = "<group>"; };
		27D98981271C0C5300311973 /* AddAssignmentViewModel.swift */ = {isa = PBXFileReference; lastKnownFileType = sourcecode.swift; path = AddAssignmentViewModel.swift; sourceTree = "<group>"; };
		27D98983271C0C6400311973 /* AddAssignmentModel.swift */ = {isa = PBXFileReference; lastKnownFileType = sourcecode.swift; path = AddAssignmentModel.swift; sourceTree = "<group>"; };
		27D98985271C2CBC00311973 /* MessagesAPI.swift */ = {isa = PBXFileReference; lastKnownFileType = sourcecode.swift; path = MessagesAPI.swift; sourceTree = "<group>"; };
		27D98987271C34AA00311973 /* Message.swift */ = {isa = PBXFileReference; lastKnownFileType = sourcecode.swift; path = Message.swift; sourceTree = "<group>"; };
		27DA637C26FE6C0500E90E91 /* PreferenceRowToggle.swift */ = {isa = PBXFileReference; lastKnownFileType = sourcecode.swift; path = PreferenceRowToggle.swift; sourceTree = "<group>"; };
		27DA638126FE793F00E90E91 /* PreferenceRowButton.swift */ = {isa = PBXFileReference; lastKnownFileType = sourcecode.swift; path = PreferenceRowButton.swift; sourceTree = "<group>"; };
		27DA638326FE7A1A00E90E91 /* PreferenceRowLink.swift */ = {isa = PBXFileReference; lastKnownFileType = sourcecode.swift; path = PreferenceRowLink.swift; sourceTree = "<group>"; };
		27DA638526FE85FA00E90E91 /* ApplicationViewModel.swift */ = {isa = PBXFileReference; lastKnownFileType = sourcecode.swift; path = ApplicationViewModel.swift; sourceTree = "<group>"; };
		27DA822C26E809DC00CB3A95 /* CapsuleFieldModularButton.swift */ = {isa = PBXFileReference; lastKnownFileType = sourcecode.swift; path = CapsuleFieldModularButton.swift; sourceTree = "<group>"; };
		27DA822E26E8115B00CB3A95 /* DistrictSearchView.swift */ = {isa = PBXFileReference; lastKnownFileType = sourcecode.swift; path = DistrictSearchView.swift; sourceTree = "<group>"; };
		27DA823226E8542B00CB3A95 /* DistrictSearchResultCard.swift */ = {isa = PBXFileReference; lastKnownFileType = sourcecode.swift; path = DistrictSearchResultCard.swift; sourceTree = "<group>"; };
		27DC59BF26F5C9B9007A57EF /* ContentView.swift */ = {isa = PBXFileReference; lastKnownFileType = sourcecode.swift; path = ContentView.swift; sourceTree = "<group>"; };
		27DE343026EDBDFC0046942E /* CoursesViewModel.swift */ = {isa = PBXFileReference; fileEncoding = 4; lastKnownFileType = sourcecode.swift; path = CoursesViewModel.swift; sourceTree = "<group>"; };
		27DE343226EDBE050046942E /* CoursesModel.swift */ = {isa = PBXFileReference; fileEncoding = 4; lastKnownFileType = sourcecode.swift; path = CoursesModel.swift; sourceTree = "<group>"; };
		27DE343426EDBE100046942E /* HomeView.swift */ = {isa = PBXFileReference; fileEncoding = 4; lastKnownFileType = sourcecode.swift; path = HomeView.swift; sourceTree = "<group>"; };
		27DE343626EDBE190046942E /* CoursesView.swift */ = {isa = PBXFileReference; fileEncoding = 4; lastKnownFileType = sourcecode.swift; path = CoursesView.swift; sourceTree = "<group>"; };
		27DE344026EDEFDE0046942E /* PreviewObjects.swift */ = {isa = PBXFileReference; lastKnownFileType = sourcecode.swift; path = PreviewObjects.swift; sourceTree = "<group>"; };
		27DE344426EDFE4D0046942E /* DataUtils.swift */ = {isa = PBXFileReference; lastKnownFileType = sourcecode.swift; path = DataUtils.swift; sourceTree = "<group>"; };
		27E3F1822708F82E005B485F /* CoreDataUtils.swift */ = {isa = PBXFileReference; lastKnownFileType = sourcecode.swift; path = CoreDataUtils.swift; sourceTree = "<group>"; };
		27EAB275271A4ACA00AAB3CE /* CombineUtils.swift */ = {isa = PBXFileReference; lastKnownFileType = sourcecode.swift; path = CombineUtils.swift; sourceTree = "<group>"; };
		27EFC7BB270E2A1200B90FCA /* WelcomeModel.swift */ = {isa = PBXFileReference; lastKnownFileType = sourcecode.swift; path = WelcomeModel.swift; sourceTree = "<group>"; };
		27EFC7BF270E851900B90FCA /* TextTag.swift */ = {isa = PBXFileReference; lastKnownFileType = sourcecode.swift; path = TextTag.swift; sourceTree = "<group>"; };
		27FAB24026FF1AF6006C6643 /* TableViewStyle.swift */ = {isa = PBXFileReference; lastKnownFileType = sourcecode.swift; path = TableViewStyle.swift; sourceTree = "<group>"; };
		27FF50D226E067270001F8D6 /* DisabledStyle.swift */ = {isa = PBXFileReference; lastKnownFileType = sourcecode.swift; path = DisabledStyle.swift; sourceTree = "<group>"; };
		27FF50D426E06D970001F8D6 /* StatusBarUtils.swift */ = {isa = PBXFileReference; lastKnownFileType = sourcecode.swift; path = StatusBarUtils.swift; sourceTree = "<group>"; };
		27FF50D826E0725D0001F8D6 /* Locale.swift */ = {isa = PBXFileReference; lastKnownFileType = sourcecode.swift; path = Locale.swift; sourceTree = "<group>"; };
		27FF50DA26E072E50001F8D6 /* WelcomeViewModel.swift */ = {isa = PBXFileReference; lastKnownFileType = sourcecode.swift; path = WelcomeViewModel.swift; sourceTree = "<group>"; };
		27FF50E526E078B20001F8D6 /* CapsuleFieldLabel.swift */ = {isa = PBXFileReference; lastKnownFileType = sourcecode.swift; path = CapsuleFieldLabel.swift; sourceTree = "<group>"; };
/* End PBXFileReference section */

/* Begin PBXFrameworksBuildPhase section */
		274E622826C21FB400C855D4 /* Frameworks */ = {
			isa = PBXFrameworksBuildPhase;
			buildActionMask = 2147483647;
			files = (
				27D0F5CE26DB7DF80004F0A2 /* Algorithms in Frameworks */,
				2785B503275AF7EC00C93224 /* Shimmer in Frameworks */,
				27074EC226EAA2AC00A6ED72 /* SwiftSoup in Frameworks */,
				273DB90327194356006D936A /* OrderedCollections in Frameworks */,
				277A1F092704504F005E9EB0 /* URLEncodedForm in Frameworks */,
			);
			runOnlyForDeploymentPostprocessing = 0;
		};
/* End PBXFrameworksBuildPhase section */

/* Begin PBXGroup section */
		2701CD5626FD2DC900D65B84 /* Capsule Field Components */ = {
			isa = PBXGroup;
			children = (
				272F78F826E0494100CDA668 /* CapsuleFieldBackground.swift */,
				27FF50E526E078B20001F8D6 /* CapsuleFieldLabel.swift */,
			);
			path = "Capsule Field Components";
			sourceTree = "<group>";
		};
		270CE0E326D98A72009768A7 /* Modifiers */ = {
			isa = PBXGroup;
			children = (
				272EF97C275C31CC00532958 /* ConditionalModifiers.swift */,
				272EF97D275C31CC00532958 /* SkeletonLoader.swift */,
				270CE0E426D98A93009768A7 /* RectangleCornerStyle.swift */,
				27D0F5B026DAFC300004F0A2 /* NavigationViewStyle.swift */,
				27CAE27726E01FEA000022EF /* PickerFieldStyle.swift */,
				27FF50D226E067270001F8D6 /* DisabledStyle.swift */,
				27FAB24026FF1AF6006C6643 /* TableViewStyle.swift */,
				274F4331270A924A001D5D4A /* TabViewStyle.swift */,
			);
			path = Modifiers;
			sourceTree = "<group>";
		};
		2721EEF126D6EF4500C5E906 /* Bridges */ = {
			isa = PBXGroup;
			children = (
				2721EEF526D743A900C5E906 /* PickerField.swift */,
				27CAE27526DFFA15000022EF /* UIPickerField.swift */,
				272F78F626E03FD400CDA668 /* LegacyTextField.swift */,
				272F78FA26E04FFB00CDA668 /* UILegacyTextField.swift */,
				273DB908271961F2006D936A /* UIToolbarDismiss.swift */,
				271B3ED126EBC9B200DAB4D9 /* WebView.swift */,
			);
			path = Bridges;
			sourceTree = "<group>";
		};
		274E622226C21FB400C855D4 = {
			isa = PBXGroup;
			children = (
				077B524F27305AAD00C27673 /* README.md */,
				274E622C26C21FB400C855D4 /* Products */,
				274E622D26C21FB400C855D4 /* Rift */,
			);
			sourceTree = "<group>";
		};
		274E622C26C21FB400C855D4 /* Products */ = {
			isa = PBXGroup;
			children = (
				274E622B26C21FB400C855D4 /* Rift.app */,
			);
			name = Products;
			sourceTree = "<group>";
		};
		274E622D26C21FB400C855D4 /* Rift */ = {
			isa = PBXGroup;
			children = (
				274F4343270AD979001D5D4A /* API */,
				27A29CDC2701780F005E70D6 /* Protocols */,
				27FF50D726E072400001F8D6 /* Models */,
				27FF50D626E072370001F8D6 /* View Models */,
				274E624B26C2656300C855D4 /* Views */,
				27D0F5CB26DB7BBF0004F0A2 /* Utils */,
				27D4E726270917720063CB65 /* Core Data */,
				274E622E26C21FB400C855D4 /* RiftApp.swift */,
				274E623226C21FB500C855D4 /* Assets.xcassets */,
				274E623726C21FB500C855D4 /* Info.plist */,
				274E623426C21FB500C855D4 /* Preview Content */,
				27D4E71B270915EE0063CB65 /* Model.xcdatamodeld */,
			);
			path = Rift;
			sourceTree = "<group>";
		};
		274E623426C21FB500C855D4 /* Preview Content */ = {
			isa = PBXGroup;
			children = (
				274E623526C21FB500C855D4 /* Preview Assets.xcassets */,
				27DE344026EDEFDE0046942E /* PreviewObjects.swift */,
			);
			path = "Preview Content";
			sourceTree = "<group>";
		};
		274E624B26C2656300C855D4 /* Views */ = {
			isa = PBXGroup;
			children = (
				2721EEF126D6EF4500C5E906 /* Bridges */,
				274E624C26C2F45C00C855D4 /* Components */,
				270CE0E326D98A72009768A7 /* Modifiers */,
				274E623026C21FB400C855D4 /* WelcomeView.swift */,
				27D0F5B726DB2AFA0004F0A2 /* LogInView.swift */,
				27DA822E26E8115B00CB3A95 /* DistrictSearchView.swift */,
				27DE343626EDBE190046942E /* CoursesView.swift */,
				273261D4271CECC000BC1FF5 /* InboxView.swift */,
				27DE343426EDBE100046942E /* HomeView.swift */,
				27DC59BF26F5C9B9007A57EF /* ContentView.swift */,
				27761BB026F73CE000601A37 /* AssignmentsView.swift */,
				2701CD5226FD26F400D65B84 /* UserPreferenceView.swift */,
				274F432B270A3998001D5D4A /* CourseDetailView.swift */,
				279E7DA227161D630039D283 /* AssignmentDetailView.swift */,
				27D9897F271C0C0000311973 /* AddAssignmentView.swift */,
				2720D7B5271CFC68001C1806 /* InboxDetailView.swift */,
			);
			path = Views;
			sourceTree = "<group>";
		};
		274E624C26C2F45C00C855D4 /* Components */ = {
			isa = PBXGroup;
			children = (
				27DA637E26FE6C8C00E90E91 /* Preference Row Components */,
				2701CD5626FD2DC900D65B84 /* Capsule Field Components */,
				27D4E7272709727C0063CB65 /* LoadingView.swift */,
				276F222926D4329F00588588 /* CapsuleTextField.swift */,
				278F272426D5E97F000FF26F /* CapsuleDropDown.swift */,
				27DA822C26E809DC00CB3A95 /* CapsuleFieldModularButton.swift */,
				27B4AA3126D225D10080BF65 /* CapsuleButton.swift */,
				27D9897D271BA01100311973 /* DestructiveButton.swift */,
				2771159C26D8297C00EBBB99 /* CourseCard.swift */,
				273261D6271CEE9F00BC1FF5 /* MessageCard.swift */,
				279376B7270EB4CE005A7567 /* CourseAssignmentCard.swift */,
				27761BB626F7B7A700601A37 /* AssignmentCard.swift */,
				27DA823226E8542B00CB3A95 /* DistrictSearchResultCard.swift */,
				27D0F5B926DB2C530004F0A2 /* TextDivider.swift */,
				27761BB826F7B9B200601A37 /* CircleBadge.swift */,
				27EFC7BF270E851900B90FCA /* TextTag.swift */,
				27761BBC26F7F39600601A37 /* SectionHeader.swift */,
				273EA32626F9C5F800D4FD20 /* UserPreferencesSheetToggle.swift */,
				2701CD5826FD2EB100D65B84 /* PreferenceRow.swift */,
				27B57D232711799E00F9F06D /* CourseDetailStatsRow.swift */,
				27C335FC270FDF9E002A8D52 /* CourseDetailStats.swift */,
				2799A10627174E6000136C23 /* AssignmentDetailStats.swift */,
				273DB8FD2719085D006D936A /* AssignmentDetailSection.swift */,
				27286C6E276012CE00B7F975 /* CardAssignmentGrade.swift */,
			);
			path = Components;
			sourceTree = "<group>";
		};
		274F4343270AD979001D5D4A /* API */ = {
			isa = PBXGroup;
			children = (
				274F4346270ADB02001D5D4A /* API.swift */,
				274F4353270AE0D5001D5D4A /* AssignmentsAPI.swift */,
				274F435F270AE867001D5D4A /* AuthenticationAPI.swift */,
				274F4361270AE94C001D5D4A /* GradesAPI.swift */,
				274F4363270AE9FC001D5D4A /* DistrictSearchAPI.swift */,
				27D98985271C2CBC00311973 /* MessagesAPI.swift */,
				274F434F270ADBF4001D5D4A /* Models */,
			);
			path = API;
			sourceTree = "<group>";
		};
		274F434F270ADBF4001D5D4A /* Models */ = {
			isa = PBXGroup;
			children = (
				274F433F270AC8A5001D5D4A /* Assignment.swift */,
				274F4341270AD886001D5D4A /* Grade.swift */,
				274F4344270AD9C7001D5D4A /* Course.swift */,
				277AD63E270B7CE000AF441E /* Term.swift */,
				27FF50D826E0725D0001F8D6 /* Locale.swift */,
				274165CE270C2C9400F9EFCF /* GradingCategory.swift */,
				273CD48B274CCABD00369FBD /* CategoryGrade.swift */,
				274165D2270C2F1A00F9EFCF /* GradeDetail.swift */,
				277E6347270CD16400CA056E /* GradeTerm.swift */,
				273DB8FF27190FE0006D936A /* AssignmentDetail.swift */,
				27D98987271C34AA00311973 /* Message.swift */,
			);
			path = Models;
			sourceTree = "<group>";
		};
		27A29CDC2701780F005E70D6 /* Protocols */ = {
			isa = PBXGroup;
			children = (
				27A29CEE2701A916005E70D6 /* StorageManager.swift */,
			);
			path = Protocols;
			sourceTree = "<group>";
		};
		27D0F5CB26DB7BBF0004F0A2 /* Utils */ = {
			isa = PBXGroup;
			children = (
				27D0F5D526DD9A5A0004F0A2 /* ColorUtils.swift */,
				27FF50D426E06D970001F8D6 /* StatusBarUtils.swift */,
				27074EC726EB310300A6ED72 /* NetworkUtils.swift */,
				27DE344426EDFE4D0046942E /* DataUtils.swift */,
				27761BBA26F7CA0300601A37 /* DateUtils.swift */,
				2701CD4C26FD05F200D65B84 /* LocaleUtils.swift */,
				2701CD4E26FD0FC600D65B84 /* UserPreferenceUtils.swift */,
				27A29CD127001C5D005E70D6 /* BundleUtils.swift */,
				278E9BEE27078883009CA8D7 /* UIDeviceUtils.swift */,
				27E3F1822708F82E005B485F /* CoreDataUtils.swift */,
				27C33600270FF40E002A8D52 /* NumberUtils.swift */,
				27B57D2527119B1F00F9F06D /* ScrollViewUtils.swift */,
				2799A10827175E0200136C23 /* StringUtils.swift */,
				27EAB275271A4ACA00AAB3CE /* CombineUtils.swift */,
				27286C6A27600E3300B7F975 /* APIUtils.swift */,
			);
			path = Utils;
			sourceTree = "<group>";
		};
		27D4E726270917720063CB65 /* Core Data */ = {
			isa = PBXGroup;
			children = (
				27D4E722270916DA0063CB65 /* PersistentLocale+CoreDataClass.swift */,
				27D4E723270916DA0063CB65 /* PersistentLocale+CoreDataProperties.swift */,
			);
			path = "Core Data";
			sourceTree = "<group>";
		};
		27DA637E26FE6C8C00E90E91 /* Preference Row Components */ = {
			isa = PBXGroup;
			children = (
				27DA637C26FE6C0500E90E91 /* PreferenceRowToggle.swift */,
				27DA638126FE793F00E90E91 /* PreferenceRowButton.swift */,
				27DA638326FE7A1A00E90E91 /* PreferenceRowLink.swift */,
			);
			path = "Preference Row Components";
			sourceTree = "<group>";
		};
		27FF50D626E072370001F8D6 /* View Models */ = {
			isa = PBXGroup;
			children = (
				27FF50DA26E072E50001F8D6 /* WelcomeViewModel.swift */,
				27074EC326EAA5AC00A6ED72 /* LogInViewModel.swift */,
				27DE343026EDBDFC0046942E /* CoursesViewModel.swift */,
				27761BB226F73CF500601A37 /* AssignmentsViewModel.swift */,
				273EA32226F9C25600D4FD20 /* HomeViewModel.swift */,
				27DA638526FE85FA00E90E91 /* ApplicationViewModel.swift */,
				274F4339270ABD0E001D5D4A /* CourseDetailViewModel.swift */,
				2799A10A2717635200136C23 /* AssignmentDetailViewModel.swift */,
				27D98981271C0C5300311973 /* AddAssignmentViewModel.swift */,
				273261CE271CEBEF00BC1FF5 /* InboxViewModel.swift */,
				2720D7B7271CFC84001C1806 /* InboxDetailViewModel.swift */,
			);
			path = "View Models";
			sourceTree = "<group>";
		};
		27FF50D726E072400001F8D6 /* Models */ = {
			isa = PBXGroup;
			children = (
				27074EC526EAA7B300A6ED72 /* LogInModel.swift */,
				27DE343226EDBE050046942E /* CoursesModel.swift */,
				27761BB426F73D0000601A37 /* AssignmentsModel.swift */,
				2701CD4A26FD05E600D65B84 /* UserPreferenceModel.swift */,
				27A29CD527013011005E70D6 /* ApplicationModel.swift */,
				274F432F270A8934001D5D4A /* HomeModel.swift */,
				274F433B270ABD27001D5D4A /* CourseDetailModel.swift */,
				2799A10C2717637F00136C23 /* AssignmentDetailModel.swift */,
				27EFC7BB270E2A1200B90FCA /* WelcomeModel.swift */,
				27D98983271C0C6400311973 /* AddAssignmentModel.swift */,
				273261D0271CEBFC00BC1FF5 /* InboxModel.swift */,
				2720D7B9271CFC9E001C1806 /* InboxDetailModel.swift */,
			);
			path = Models;
			sourceTree = "<group>";
		};
/* End PBXGroup section */

/* Begin PBXNativeTarget section */
		274E622A26C21FB400C855D4 /* Rift */ = {
			isa = PBXNativeTarget;
			buildConfigurationList = 274E623A26C21FB500C855D4 /* Build configuration list for PBXNativeTarget "Rift" */;
			buildPhases = (
				274E622826C21FB400C855D4 /* Frameworks */,
				274E622926C21FB400C855D4 /* Resources */,
				27D4E6D5270915130063CB65 /* Sources */,
			);
			buildRules = (
			);
			dependencies = (
			);
			name = Rift;
			packageProductDependencies = (
				27D0F5CD26DB7DF80004F0A2 /* Algorithms */,
				27074EC126EAA2AC00A6ED72 /* SwiftSoup */,
				277A1F082704504F005E9EB0 /* URLEncodedForm */,
				273DB90227194356006D936A /* OrderedCollections */,
				2785B502275AF7EC00C93224 /* Shimmer */,
			);
			productName = Rift;
			productReference = 274E622B26C21FB400C855D4 /* Rift.app */;
			productType = "com.apple.product-type.application";
		};
/* End PBXNativeTarget section */

/* Begin PBXProject section */
		274E622326C21FB400C855D4 /* Project object */ = {
			isa = PBXProject;
			attributes = {
				LastSwiftUpdateCheck = 1250;
				LastUpgradeCheck = 1250;
				TargetAttributes = {
					274E622A26C21FB400C855D4 = {
						CreatedOnToolsVersion = 12.5.1;
					};
				};
			};
			buildConfigurationList = 274E622626C21FB400C855D4 /* Build configuration list for PBXProject "Rift" */;
			compatibilityVersion = "Xcode 9.3";
			developmentRegion = en;
			hasScannedForEncodings = 0;
			knownRegions = (
				en,
				Base,
			);
			mainGroup = 274E622226C21FB400C855D4;
			packageReferences = (
				27D0F5CC26DB7DF80004F0A2 /* XCRemoteSwiftPackageReference "swift-algorithms" */,
				27074EC026EAA2AC00A6ED72 /* XCRemoteSwiftPackageReference "SwiftSoup" */,
				277A1F072704504F005E9EB0 /* XCRemoteSwiftPackageReference "url-encoded-form" */,
				273DB90127194356006D936A /* XCRemoteSwiftPackageReference "swift-collections" */,
				2785B501275AF7EC00C93224 /* XCRemoteSwiftPackageReference "SwiftUI-Shimmer" */,
			);
			productRefGroup = 274E622C26C21FB400C855D4 /* Products */;
			projectDirPath = "";
			projectRoot = "";
			targets = (
				274E622A26C21FB400C855D4 /* Rift */,
			);
		};
/* End PBXProject section */

/* Begin PBXResourcesBuildPhase section */
		274E622926C21FB400C855D4 /* Resources */ = {
			isa = PBXResourcesBuildPhase;
			buildActionMask = 2147483647;
			files = (
				274E623626C21FB500C855D4 /* Preview Assets.xcassets in Resources */,
				274E623326C21FB500C855D4 /* Assets.xcassets in Resources */,
			);
			runOnlyForDeploymentPostprocessing = 0;
		};
/* End PBXResourcesBuildPhase section */

/* Begin PBXSourcesBuildPhase section */
		27D4E6D5270915130063CB65 /* Sources */ = {
			isa = PBXSourcesBuildPhase;
			buildActionMask = 2147483647;
			files = (
				274F4345270AD9C7001D5D4A /* Course.swift in Sources */,
				27D4E6D72709152F0063CB65 /* StorageManager.swift in Sources */,
				27D4E6D82709152F0063CB65 /* Locale.swift in Sources */,
				273DB8FE2719085D006D936A /* AssignmentDetailSection.swift in Sources */,
				27D98986271C2CBC00311973 /* MessagesAPI.swift in Sources */,
				27D4E6D92709152F0063CB65 /* LogInModel.swift in Sources */,
				27C33601270FF40E002A8D52 /* NumberUtils.swift in Sources */,
				273261D5271CECC000BC1FF5 /* InboxView.swift in Sources */,
				27D4E6DA2709152F0063CB65 /* CoursesModel.swift in Sources */,
				277E6348270CD16400CA056E /* GradeTerm.swift in Sources */,
				274F4360270AE867001D5D4A /* AuthenticationAPI.swift in Sources */,
				279E7DA327161D630039D283 /* AssignmentDetailView.swift in Sources */,
				27D4E6DB2709152F0063CB65 /* AssignmentsModel.swift in Sources */,
				27D4E6DC2709152F0063CB65 /* UserPreferenceModel.swift in Sources */,
				274F4340270AC8A5001D5D4A /* Assignment.swift in Sources */,
				27D4E6DD2709152F0063CB65 /* ApplicationModel.swift in Sources */,
				27D4E6DE2709152F0063CB65 /* WelcomeViewModel.swift in Sources */,
				27D4E6DF2709152F0063CB65 /* LogInViewModel.swift in Sources */,
				27286C6B27600E3300B7F975 /* APIUtils.swift in Sources */,
				27D4E6E02709152F0063CB65 /* CoursesViewModel.swift in Sources */,
				27D4E6E12709152F0063CB65 /* AssignmentsViewModel.swift in Sources */,
				273261CF271CEBEF00BC1FF5 /* InboxViewModel.swift in Sources */,
				27B57D242711799E00F9F06D /* CourseDetailStatsRow.swift in Sources */,
				273DB90027190FE0006D936A /* AssignmentDetail.swift in Sources */,
				27D4E6E22709152F0063CB65 /* HomeViewModel.swift in Sources */,
				27D4E6E32709152F0063CB65 /* ApplicationViewModel.swift in Sources */,
				27D4E6E42709152F0063CB65 /* ColorUtils.swift in Sources */,
				27D4E6E52709152F0063CB65 /* StatusBarUtils.swift in Sources */,
				272EF97E275C31CC00532958 /* ConditionalModifiers.swift in Sources */,
				27D4E6E62709152F0063CB65 /* NetworkUtils.swift in Sources */,
				27D4E6E72709152F0063CB65 /* DataUtils.swift in Sources */,
				2799A10927175E0200136C23 /* StringUtils.swift in Sources */,
				27D4E6E82709152F0063CB65 /* DateUtils.swift in Sources */,
				2799A10B2717635200136C23 /* AssignmentDetailViewModel.swift in Sources */,
				273261D1271CEBFC00BC1FF5 /* InboxModel.swift in Sources */,
				27B57D2627119B1F00F9F06D /* ScrollViewUtils.swift in Sources */,
				27D4E6E92709152F0063CB65 /* LocaleUtils.swift in Sources */,
				274F4354270AE0D5001D5D4A /* AssignmentsAPI.swift in Sources */,
				27D9897E271BA01100311973 /* DestructiveButton.swift in Sources */,
				27D4E6EA2709152F0063CB65 /* UserPreferenceUtils.swift in Sources */,
				27D4E6EB2709152F0063CB65 /* BundleUtils.swift in Sources */,
				274F433A270ABD0E001D5D4A /* CourseDetailViewModel.swift in Sources */,
				274F4330270A8934001D5D4A /* HomeModel.swift in Sources */,
				27D4E6ED2709152F0063CB65 /* UIDeviceUtils.swift in Sources */,
				274165D3270C2F1A00F9EFCF /* GradeDetail.swift in Sources */,
				27D4E6F02709152F0063CB65 /* CoreDataUtils.swift in Sources */,
				27D4E6F12709152F0063CB65 /* PickerField.swift in Sources */,
				27D4E6F22709152F0063CB65 /* UIPickerField.swift in Sources */,
				27D4E6F32709152F0063CB65 /* LegacyTextField.swift in Sources */,
				2720D7B8271CFC84001C1806 /* InboxDetailViewModel.swift in Sources */,
				27D4E6F42709152F0063CB65 /* UILegacyTextField.swift in Sources */,
				27D4E6F52709152F0063CB65 /* WebView.swift in Sources */,
				27D98982271C0C5300311973 /* AddAssignmentViewModel.swift in Sources */,
				27D98984271C0C6400311973 /* AddAssignmentModel.swift in Sources */,
				27D4E7282709727C0063CB65 /* LoadingView.swift in Sources */,
				272EF97F275C31CC00532958 /* SkeletonLoader.swift in Sources */,
				27D4E6F72709152F0063CB65 /* PreferenceRowToggle.swift in Sources */,
				27D4E6F82709152F0063CB65 /* PreferenceRowButton.swift in Sources */,
				27D4E6F92709152F0063CB65 /* PreferenceRowLink.swift in Sources */,
				27D4E724270916DA0063CB65 /* PersistentLocale+CoreDataClass.swift in Sources */,
				274F4364270AE9FC001D5D4A /* DistrictSearchAPI.swift in Sources */,
				27C335FD270FDF9E002A8D52 /* CourseDetailStats.swift in Sources */,
				274F4362270AE94C001D5D4A /* GradesAPI.swift in Sources */,
				27D4E6FA2709152F0063CB65 /* CapsuleFieldBackground.swift in Sources */,
				27EAB276271A4ACA00AAB3CE /* CombineUtils.swift in Sources */,
				27D4E6FB2709152F0063CB65 /* CapsuleFieldLabel.swift in Sources */,
				27286C6F276012CE00B7F975 /* CardAssignmentGrade.swift in Sources */,
				27D4E6FC2709152F0063CB65 /* CapsuleTextField.swift in Sources */,
				27D4E6FD2709152F0063CB65 /* CapsuleDropDown.swift in Sources */,
				2720D7BA271CFC9E001C1806 /* InboxDetailModel.swift in Sources */,
				27D4E6FE2709152F0063CB65 /* CapsuleFieldModularButton.swift in Sources */,
				27D4E6FF2709152F0063CB65 /* CapsuleButton.swift in Sources */,
				27D4E7002709152F0063CB65 /* CourseCard.swift in Sources */,
				27D4E7022709152F0063CB65 /* TextDivider.swift in Sources */,
				27D4E7032709152F0063CB65 /* DistrictSearchResultCard.swift in Sources */,
				27D4E71D270915EE0063CB65 /* Model.xcdatamodeld in Sources */,
				27D4E7042709152F0063CB65 /* AssignmentCard.swift in Sources */,
				27D4E7052709152F0063CB65 /* CircleBadge.swift in Sources */,
				27D4E7062709152F0063CB65 /* SectionHeader.swift in Sources */,
				27D4E7072709152F0063CB65 /* UserPreferencesSheetToggle.swift in Sources */,
				27D4E7082709152F0063CB65 /* PreferenceRow.swift in Sources */,
				274F432C270A3998001D5D4A /* CourseDetailView.swift in Sources */,
				2799A10D2717637F00136C23 /* AssignmentDetailModel.swift in Sources */,
				27D4E7092709152F0063CB65 /* RectangleCornerStyle.swift in Sources */,
				27D4E70A2709152F0063CB65 /* NavigationViewStyle.swift in Sources */,
				273CD48C274CCABD00369FBD /* CategoryGrade.swift in Sources */,
				27D4E70B2709152F0063CB65 /* PickerFieldStyle.swift in Sources */,
				27D98988271C34AA00311973 /* Message.swift in Sources */,
				27D4E70C2709152F0063CB65 /* DisabledStyle.swift in Sources */,
				27D4E70D2709152F0063CB65 /* TableViewStyle.swift in Sources */,
				27D4E725270916DA0063CB65 /* PersistentLocale+CoreDataProperties.swift in Sources */,
				27D4E70E2709152F0063CB65 /* WelcomeView.swift in Sources */,
				27D4E70F2709152F0063CB65 /* LogInView.swift in Sources */,
				27D4E7102709152F0063CB65 /* DistrictSearchView.swift in Sources */,
				274F4332270A924A001D5D4A /* TabViewStyle.swift in Sources */,
				274F4347270ADB02001D5D4A /* API.swift in Sources */,
				27D4E7112709152F0063CB65 /* HomeView.swift in Sources */,
				27EFC7BC270E2A1200B90FCA /* WelcomeModel.swift in Sources */,
				27D4E7122709152F0063CB65 /* CoursesView.swift in Sources */,
				274165CF270C2C9400F9EFCF /* GradingCategory.swift in Sources */,
				27D4E7132709152F0063CB65 /* ContentView.swift in Sources */,
				27D98980271C0C0000311973 /* AddAssignmentView.swift in Sources */,
				274F433C270ABD27001D5D4A /* CourseDetailModel.swift in Sources */,
				273261D7271CEE9F00BC1FF5 /* MessageCard.swift in Sources */,
				27D4E7142709152F0063CB65 /* AssignmentsView.swift in Sources */,
				2799A10727174E6000136C23 /* AssignmentDetailStats.swift in Sources */,
				27D4E7152709152F0063CB65 /* UserPreferenceView.swift in Sources */,
				277AD63F270B7CE000AF441E /* Term.swift in Sources */,
				274F4342270AD886001D5D4A /* Grade.swift in Sources */,
				27EFC7C0270E851900B90FCA /* TextTag.swift in Sources */,
				27D4E7182709152F0063CB65 /* RiftApp.swift in Sources */,
				27D4E7192709152F0063CB65 /* PreviewObjects.swift in Sources */,
				273DB909271961F2006D936A /* UIToolbarDismiss.swift in Sources */,
				2720D7B6271CFC68001C1806 /* InboxDetailView.swift in Sources */,
				279376B8270EB4CE005A7567 /* CourseAssignmentCard.swift in Sources */,
			);
			runOnlyForDeploymentPostprocessing = 0;
		};
/* End PBXSourcesBuildPhase section */

/* Begin XCBuildConfiguration section */
		274E623826C21FB500C855D4 /* Debug */ = {
			isa = XCBuildConfiguration;
			buildSettings = {
				ALWAYS_SEARCH_USER_PATHS = NO;
				CLANG_ANALYZER_NONNULL = YES;
				CLANG_ANALYZER_NUMBER_OBJECT_CONVERSION = YES_AGGRESSIVE;
				CLANG_CXX_LANGUAGE_STANDARD = "gnu++14";
				CLANG_CXX_LIBRARY = "libc++";
				CLANG_ENABLE_MODULES = YES;
				CLANG_ENABLE_OBJC_ARC = YES;
				CLANG_ENABLE_OBJC_WEAK = YES;
				CLANG_WARN_BLOCK_CAPTURE_AUTORELEASING = YES;
				CLANG_WARN_BOOL_CONVERSION = YES;
				CLANG_WARN_COMMA = YES;
				CLANG_WARN_CONSTANT_CONVERSION = YES;
				CLANG_WARN_DEPRECATED_OBJC_IMPLEMENTATIONS = YES;
				CLANG_WARN_DIRECT_OBJC_ISA_USAGE = YES_ERROR;
				CLANG_WARN_DOCUMENTATION_COMMENTS = YES;
				CLANG_WARN_EMPTY_BODY = YES;
				CLANG_WARN_ENUM_CONVERSION = YES;
				CLANG_WARN_INFINITE_RECURSION = YES;
				CLANG_WARN_INT_CONVERSION = YES;
				CLANG_WARN_NON_LITERAL_NULL_CONVERSION = YES;
				CLANG_WARN_OBJC_IMPLICIT_RETAIN_SELF = YES;
				CLANG_WARN_OBJC_LITERAL_CONVERSION = YES;
				CLANG_WARN_OBJC_ROOT_CLASS = YES_ERROR;
				CLANG_WARN_QUOTED_INCLUDE_IN_FRAMEWORK_HEADER = YES;
				CLANG_WARN_RANGE_LOOP_ANALYSIS = YES;
				CLANG_WARN_STRICT_PROTOTYPES = YES;
				CLANG_WARN_SUSPICIOUS_MOVE = YES;
				CLANG_WARN_UNGUARDED_AVAILABILITY = YES_AGGRESSIVE;
				CLANG_WARN_UNREACHABLE_CODE = YES;
				CLANG_WARN__DUPLICATE_METHOD_MATCH = YES;
				COPY_PHASE_STRIP = NO;
				DEBUG_INFORMATION_FORMAT = dwarf;
				ENABLE_STRICT_OBJC_MSGSEND = YES;
				ENABLE_TESTABILITY = YES;
				GCC_C_LANGUAGE_STANDARD = gnu11;
				GCC_DYNAMIC_NO_PIC = NO;
				GCC_NO_COMMON_BLOCKS = YES;
				GCC_OPTIMIZATION_LEVEL = 0;
				GCC_PREPROCESSOR_DEFINITIONS = (
					"DEBUG=1",
					"$(inherited)",
				);
				GCC_WARN_64_TO_32_BIT_CONVERSION = YES;
				GCC_WARN_ABOUT_RETURN_TYPE = YES_ERROR;
				GCC_WARN_UNDECLARED_SELECTOR = YES;
				GCC_WARN_UNINITIALIZED_AUTOS = YES_AGGRESSIVE;
				GCC_WARN_UNUSED_FUNCTION = YES;
				GCC_WARN_UNUSED_VARIABLE = YES;
				IPHONEOS_DEPLOYMENT_TARGET = 14.5;
				MTL_ENABLE_DEBUG_INFO = INCLUDE_SOURCE;
				MTL_FAST_MATH = YES;
				ONLY_ACTIVE_ARCH = YES;
				SDKROOT = iphoneos;
				SWIFT_ACTIVE_COMPILATION_CONDITIONS = DEBUG;
				SWIFT_OPTIMIZATION_LEVEL = "-Onone";
			};
			name = Debug;
		};
		274E623926C21FB500C855D4 /* Release */ = {
			isa = XCBuildConfiguration;
			buildSettings = {
				ALWAYS_SEARCH_USER_PATHS = NO;
				CLANG_ANALYZER_NONNULL = YES;
				CLANG_ANALYZER_NUMBER_OBJECT_CONVERSION = YES_AGGRESSIVE;
				CLANG_CXX_LANGUAGE_STANDARD = "gnu++14";
				CLANG_CXX_LIBRARY = "libc++";
				CLANG_ENABLE_MODULES = YES;
				CLANG_ENABLE_OBJC_ARC = YES;
				CLANG_ENABLE_OBJC_WEAK = YES;
				CLANG_WARN_BLOCK_CAPTURE_AUTORELEASING = YES;
				CLANG_WARN_BOOL_CONVERSION = YES;
				CLANG_WARN_COMMA = YES;
				CLANG_WARN_CONSTANT_CONVERSION = YES;
				CLANG_WARN_DEPRECATED_OBJC_IMPLEMENTATIONS = YES;
				CLANG_WARN_DIRECT_OBJC_ISA_USAGE = YES_ERROR;
				CLANG_WARN_DOCUMENTATION_COMMENTS = YES;
				CLANG_WARN_EMPTY_BODY = YES;
				CLANG_WARN_ENUM_CONVERSION = YES;
				CLANG_WARN_INFINITE_RECURSION = YES;
				CLANG_WARN_INT_CONVERSION = YES;
				CLANG_WARN_NON_LITERAL_NULL_CONVERSION = YES;
				CLANG_WARN_OBJC_IMPLICIT_RETAIN_SELF = YES;
				CLANG_WARN_OBJC_LITERAL_CONVERSION = YES;
				CLANG_WARN_OBJC_ROOT_CLASS = YES_ERROR;
				CLANG_WARN_QUOTED_INCLUDE_IN_FRAMEWORK_HEADER = YES;
				CLANG_WARN_RANGE_LOOP_ANALYSIS = YES;
				CLANG_WARN_STRICT_PROTOTYPES = YES;
				CLANG_WARN_SUSPICIOUS_MOVE = YES;
				CLANG_WARN_UNGUARDED_AVAILABILITY = YES_AGGRESSIVE;
				CLANG_WARN_UNREACHABLE_CODE = YES;
				CLANG_WARN__DUPLICATE_METHOD_MATCH = YES;
				COPY_PHASE_STRIP = NO;
				DEBUG_INFORMATION_FORMAT = "dwarf-with-dsym";
				ENABLE_NS_ASSERTIONS = NO;
				ENABLE_STRICT_OBJC_MSGSEND = YES;
				GCC_C_LANGUAGE_STANDARD = gnu11;
				GCC_NO_COMMON_BLOCKS = YES;
				GCC_WARN_64_TO_32_BIT_CONVERSION = YES;
				GCC_WARN_ABOUT_RETURN_TYPE = YES_ERROR;
				GCC_WARN_UNDECLARED_SELECTOR = YES;
				GCC_WARN_UNINITIALIZED_AUTOS = YES_AGGRESSIVE;
				GCC_WARN_UNUSED_FUNCTION = YES;
				GCC_WARN_UNUSED_VARIABLE = YES;
				IPHONEOS_DEPLOYMENT_TARGET = 14.5;
				MTL_ENABLE_DEBUG_INFO = NO;
				MTL_FAST_MATH = YES;
				SDKROOT = iphoneos;
				SWIFT_COMPILATION_MODE = wholemodule;
				SWIFT_OPTIMIZATION_LEVEL = "-O";
				VALIDATE_PRODUCT = YES;
			};
			name = Release;
		};
		274E623B26C21FB500C855D4 /* Debug */ = {
			isa = XCBuildConfiguration;
			buildSettings = {
				ASSETCATALOG_COMPILER_ALTERNATE_APPICON_NAMES = "AppIcon-Dark";
				ASSETCATALOG_COMPILER_APPICON_NAME = AppIcon;
				ASSETCATALOG_COMPILER_GLOBAL_ACCENT_COLOR_NAME = Primary;
				CODE_SIGN_IDENTITY = "Apple Development";
				CODE_SIGN_STYLE = Automatic;
				CURRENT_PROJECT_VERSION = 1.1;
				DEVELOPMENT_ASSET_PATHS = "Rift/Preview\\ Content Rift/Preview\\ Content/PreviewObjects.swift";
				DEVELOPMENT_TEAM = P3BD6D8HQC;
				ENABLE_PREVIEWS = YES;
				INFOPLIST_FILE = Rift/Info.plist;
				IPHONEOS_DEPLOYMENT_TARGET = 14.5;
				LD_RUNPATH_SEARCH_PATHS = (
					"$(inherited)",
					"@executable_path/Frameworks",
				);
				MARKETING_VERSION = 1.1;
				PRODUCT_BUNDLE_IDENTIFIER = "org.schoolscope.rift-infinite-campus";
				PRODUCT_NAME = "$(TARGET_NAME)";
				PROVISIONING_PROFILE_SPECIFIER = "";
				SWIFT_VERSION = 5.0;
				TARGETED_DEVICE_FAMILY = 1;
				VERSIONING_SYSTEM = "apple-generic";
			};
			name = Debug;
		};
		274E623C26C21FB500C855D4 /* Release */ = {
			isa = XCBuildConfiguration;
			buildSettings = {
				ASSETCATALOG_COMPILER_ALTERNATE_APPICON_NAMES = "AppIcon-Dark";
				ASSETCATALOG_COMPILER_APPICON_NAME = AppIcon;
				ASSETCATALOG_COMPILER_GLOBAL_ACCENT_COLOR_NAME = Primary;
				CODE_SIGN_IDENTITY = "iPhone Distribution";
				CODE_SIGN_STYLE = Manual;
				CURRENT_PROJECT_VERSION = 1.1;
				DEVELOPMENT_ASSET_PATHS = "Rift/Preview\\ Content Rift/Preview\\ Content/PreviewObjects.swift";
				DEVELOPMENT_TEAM = P3BD6D8HQC;
				ENABLE_PREVIEWS = YES;
				INFOPLIST_FILE = Rift/Info.plist;
				IPHONEOS_DEPLOYMENT_TARGET = 14.5;
				LD_RUNPATH_SEARCH_PATHS = (
					"$(inherited)",
					"@executable_path/Frameworks",
				);
				MARKETING_VERSION = 1.1;
				PRODUCT_BUNDLE_IDENTIFIER = "org.schoolscope.rift-infinite-campus";
				PRODUCT_NAME = "$(TARGET_NAME)";
				PROVISIONING_PROFILE_SPECIFIER = "match AppStore org.schoolscope.rift-infinite-campus";
				SWIFT_VERSION = 5.0;
				TARGETED_DEVICE_FAMILY = 1;
				VERSIONING_SYSTEM = "apple-generic";
			};
			name = Release;
		};
/* End XCBuildConfiguration section */

/* Begin XCConfigurationList section */
		274E622626C21FB400C855D4 /* Build configuration list for PBXProject "Rift" */ = {
			isa = XCConfigurationList;
			buildConfigurations = (
				274E623826C21FB500C855D4 /* Debug */,
				274E623926C21FB500C855D4 /* Release */,
			);
			defaultConfigurationIsVisible = 0;
			defaultConfigurationName = Release;
		};
		274E623A26C21FB500C855D4 /* Build configuration list for PBXNativeTarget "Rift" */ = {
			isa = XCConfigurationList;
			buildConfigurations = (
				274E623B26C21FB500C855D4 /* Debug */,
				274E623C26C21FB500C855D4 /* Release */,
			);
			defaultConfigurationIsVisible = 0;
			defaultConfigurationName = Release;
		};
/* End XCConfigurationList section */

/* Begin XCRemoteSwiftPackageReference section */
		27074EC026EAA2AC00A6ED72 /* XCRemoteSwiftPackageReference "SwiftSoup" */ = {
			isa = XCRemoteSwiftPackageReference;
			repositoryURL = "https://github.com/scinfu/SwiftSoup.git";
			requirement = {
				kind = upToNextMajorVersion;
				minimumVersion = 2.0.0;
			};
		};
		273DB90127194356006D936A /* XCRemoteSwiftPackageReference "swift-collections" */ = {
			isa = XCRemoteSwiftPackageReference;
			repositoryURL = "https://github.com/apple/swift-collections.git";
			requirement = {
				kind = upToNextMajorVersion;
				minimumVersion = 1.0.0;
			};
		};
		277A1F072704504F005E9EB0 /* XCRemoteSwiftPackageReference "url-encoded-form" */ = {
			isa = XCRemoteSwiftPackageReference;
			repositoryURL = "https://github.com/School-Scope/url-encoded-form";
			requirement = {
				kind = upToNextMajorVersion;
				minimumVersion = 1.0.0;
			};
		};
		2785B501275AF7EC00C93224 /* XCRemoteSwiftPackageReference "SwiftUI-Shimmer" */ = {
			isa = XCRemoteSwiftPackageReference;
			repositoryURL = "https://github.com/markiv/SwiftUI-Shimmer.git";
			requirement = {
				kind = upToNextMajorVersion;
				minimumVersion = 1.0.0;
			};
		};
		27D0F5CC26DB7DF80004F0A2 /* XCRemoteSwiftPackageReference "swift-algorithms" */ = {
			isa = XCRemoteSwiftPackageReference;
			repositoryURL = "https://github.com/apple/swift-algorithms.git";
			requirement = {
				kind = upToNextMajorVersion;
				minimumVersion = 0.2.1;
			};
		};
/* End XCRemoteSwiftPackageReference section */

/* Begin XCSwiftPackageProductDependency section */
		27074EC126EAA2AC00A6ED72 /* SwiftSoup */ = {
			isa = XCSwiftPackageProductDependency;
			package = 27074EC026EAA2AC00A6ED72 /* XCRemoteSwiftPackageReference "SwiftSoup" */;
			productName = SwiftSoup;
		};
		273DB90227194356006D936A /* OrderedCollections */ = {
			isa = XCSwiftPackageProductDependency;
			package = 273DB90127194356006D936A /* XCRemoteSwiftPackageReference "swift-collections" */;
			productName = OrderedCollections;
		};
		277A1F082704504F005E9EB0 /* URLEncodedForm */ = {
			isa = XCSwiftPackageProductDependency;
			package = 277A1F072704504F005E9EB0 /* XCRemoteSwiftPackageReference "url-encoded-form" */;
			productName = URLEncodedForm;
		};
		2785B502275AF7EC00C93224 /* Shimmer */ = {
			isa = XCSwiftPackageProductDependency;
			package = 2785B501275AF7EC00C93224 /* XCRemoteSwiftPackageReference "SwiftUI-Shimmer" */;
			productName = Shimmer;
		};
		27D0F5CD26DB7DF80004F0A2 /* Algorithms */ = {
			isa = XCSwiftPackageProductDependency;
			package = 27D0F5CC26DB7DF80004F0A2 /* XCRemoteSwiftPackageReference "swift-algorithms" */;
			productName = Algorithms;
		};
/* End XCSwiftPackageProductDependency section */

/* Begin XCVersionGroup section */
		27D4E71B270915EE0063CB65 /* Model.xcdatamodeld */ = {
			isa = XCVersionGroup;
			children = (
				27D4E71C270915EE0063CB65 /* Model.xcdatamodel */,
			);
			currentVersion = 27D4E71C270915EE0063CB65 /* Model.xcdatamodel */;
			path = Model.xcdatamodeld;
			sourceTree = "<group>";
			versionGroupType = wrapper.xcdatamodel;
		};
/* End XCVersionGroup section */
	};
	rootObject = 274E622326C21FB400C855D4 /* Project object */;
}
